{
  "object": {
    "pins": [
      {
        "package": "Charts",
        "repositoryURL": "https://github.com/danielgindi/Charts",
        "state": {
          "branch": null,
          "revision": "66546404a6739173b8e436ab6bc1f2897cd08594",
          "version": "3.6.0"
        }
      },
      {
        "package": "FittedSheets",
        "repositoryURL": "https://github.com/gordontucker/FittedSheets",
        "state": {
          "branch": null,
          "revision": "0d0bd076e89de67a0587ae3e5abe5d8f5d025914",
          "version": "2.2.0"
        }
      }
    ]
  },
  "version": 1
}
