{
  "object": {
    "pins": [
      {
        "package": "Charts",
        "repositoryURL": "https://github.com/danielgindi/Charts",
        "state": {
          "branch": null,
          "revision": "66546404a6739173b8e436ab6bc1f2897cd08594",
          "version": "3.6.0"
        }
      },
      {
        "package": "FittedSheets",
        "repositoryURL": "https://github.com/gordontucker/FittedSheets",
        "state": {
          "branch": null,
          "revision": "145023a002409e4378be6ff8c83f7bf9c1e07bab",
          "version": "2.2.2"
        }
      }
    ]
  },
  "version": 1
}
