// !$*UTF8*$!
{
	archiveVersion = 1;
	classes = {
	};
	objectVersion = 52;
	objects = {

/* Begin PBXBuildFile section */
		166C532C253732DF007C5EF3 /* Home.storyboard in Resources */ = {isa = PBXBuildFile; fileRef = 166C532B253732DF007C5EF3 /* Home.storyboard */; };
		166C5331253732E9007C5EF3 /* HomeViewController.swift in Sources */ = {isa = PBXBuildFile; fileRef = 166C5330253732E9007C5EF3 /* HomeViewController.swift */; };
		166C53362537332F007C5EF3 /* Onboarding.storyboard in Resources */ = {isa = PBXBuildFile; fileRef = 166C53352537332F007C5EF3 /* Onboarding.storyboard */; };
		166C533B25373359007C5EF3 /* OnboardingViewController.swift in Sources */ = {isa = PBXBuildFile; fileRef = 166C533A25373359007C5EF3 /* OnboardingViewController.swift */; };
		166C534025373372007C5EF3 /* DetectEmotion.storyboard in Resources */ = {isa = PBXBuildFile; fileRef = 166C533F25373372007C5EF3 /* DetectEmotion.storyboard */; };
		166C534D253733A0007C5EF3 /* DetectEmotionStartViewController.swift in Sources */ = {isa = PBXBuildFile; fileRef = 166C534C253733A0007C5EF3 /* DetectEmotionStartViewController.swift */; };
		166C5353253738F4007C5EF3 /* AlertHelper.swift in Sources */ = {isa = PBXBuildFile; fileRef = 166C5352253738F4007C5EF3 /* AlertHelper.swift */; };
		167E0E73253EA1CB00602784 /* FaceData.swift in Sources */ = {isa = PBXBuildFile; fileRef = 167E0E72253EA1CB00602784 /* FaceData.swift */; };
		167E0E7B253EABA700602784 /* EmotionHelper.swift in Sources */ = {isa = PBXBuildFile; fileRef = 167E0E7A253EABA700602784 /* EmotionHelper.swift */; };
		16AA990B253DC9A2006C4865 /* DetectEmotionAnalyzeViewController.swift in Sources */ = {isa = PBXBuildFile; fileRef = 16AA990A253DC9A2006C4865 /* DetectEmotionAnalyzeViewController.swift */; };
		16D60308253E5D42001A45C9 /* DetectEmotionResultViewController.swift in Sources */ = {isa = PBXBuildFile; fileRef = 16D60307253E5D42001A45C9 /* DetectEmotionResultViewController.swift */; };
		5A119156253D995C00775C8D /* OnboardThemeSelectorViewController.swift in Sources */ = {isa = PBXBuildFile; fileRef = 5A119155253D995C00775C8D /* OnboardThemeSelectorViewController.swift */; };
		5A8C6E9C253E9E5A00F95286 /* Yuanti.ttc in Resources */ = {isa = PBXBuildFile; fileRef = 5AD838C8253E8BCC0042D14E /* Yuanti.ttc */; };
		5A8C6EA1253EA51800F95286 /* TOSTableViewController.swift in Sources */ = {isa = PBXBuildFile; fileRef = 5A8C6EA0253EA51800F95286 /* TOSTableViewController.swift */; };
		5A8C6EA6253EA57600F95286 /* TermsOfServiceModel.swift in Sources */ = {isa = PBXBuildFile; fileRef = 5A8C6EA5253EA57600F95286 /* TermsOfServiceModel.swift */; };
		5A8C6EAF253EAA4F00F95286 /* TOSTableViewCell.swift in Sources */ = {isa = PBXBuildFile; fileRef = 5A8C6EAE253EAA4F00F95286 /* TOSTableViewCell.swift */; };
		5A9DA16125406BFE0090EC41 /* TOSPPViewController.swift in Sources */ = {isa = PBXBuildFile; fileRef = 5A9DA16025406BFE0090EC41 /* TOSPPViewController.swift */; };
		5AAE9BAB253F03400075966B /* PrivacyPolicyModel.swift in Sources */ = {isa = PBXBuildFile; fileRef = 5AAE9BAA253F03400075966B /* PrivacyPolicyModel.swift */; };
		5AAE9BB5253F08610075966B /* PrivPolicyTableViewCell.swift in Sources */ = {isa = PBXBuildFile; fileRef = 5AAE9BB4253F08610075966B /* PrivPolicyTableViewCell.swift */; };
		5AAE9BBA253F08820075966B /* PrivPolicyTableViewController.swift in Sources */ = {isa = PBXBuildFile; fileRef = 5AAE9BB9253F08820075966B /* PrivPolicyTableViewController.swift */; };
		AB92A175253730F9003F8823 /* AppDelegate.swift in Sources */ = {isa = PBXBuildFile; fileRef = AB92A174253730F9003F8823 /* AppDelegate.swift */; };
		AB92A177253730F9003F8823 /* SceneDelegate.swift in Sources */ = {isa = PBXBuildFile; fileRef = AB92A176253730F9003F8823 /* SceneDelegate.swift */; };
		AB92A179253730F9003F8823 /* ViewController.swift in Sources */ = {isa = PBXBuildFile; fileRef = AB92A178253730F9003F8823 /* ViewController.swift */; };
		AB92A17C253730F9003F8823 /* Main.storyboard in Resources */ = {isa = PBXBuildFile; fileRef = AB92A17A253730F9003F8823 /* Main.storyboard */; };
		AB92A17F253730F9003F8823 /* Joey.xcdatamodeld in Sources */ = {isa = PBXBuildFile; fileRef = AB92A17D253730F9003F8823 /* Joey.xcdatamodeld */; };
		AB92A181253730FA003F8823 /* Assets.xcassets in Resources */ = {isa = PBXBuildFile; fileRef = AB92A180253730FA003F8823 /* Assets.xcassets */; };
		AB92A184253730FA003F8823 /* LaunchScreen.storyboard in Resources */ = {isa = PBXBuildFile; fileRef = AB92A182253730FA003F8823 /* LaunchScreen.storyboard */; };
		AB92A18F253730FA003F8823 /* JoeyTests.swift in Sources */ = {isa = PBXBuildFile; fileRef = AB92A18E253730FA003F8823 /* JoeyTests.swift */; };
		AB92A19A253730FA003F8823 /* JoeyUITests.swift in Sources */ = {isa = PBXBuildFile; fileRef = AB92A199253730FA003F8823 /* JoeyUITests.swift */; };
		AB92A1B5253747E4003F8823 /* Charts in Frameworks */ = {isa = PBXBuildFile; productRef = AB92A1B4253747E4003F8823 /* Charts */; };
		AB92A1BC25374831003F8823 /* CloudKit.framework in Frameworks */ = {isa = PBXBuildFile; fileRef = AB92A1BB25374831003F8823 /* CloudKit.framework */; };
		AB9857CB253C9F3D00485B29 /* BottomSheetViewController.swift in Sources */ = {isa = PBXBuildFile; fileRef = AB9857CA253C9F3D00485B29 /* BottomSheetViewController.swift */; };
		AB9857D4253CB24E00485B29 /* FittedSheets in Frameworks */ = {isa = PBXBuildFile; productRef = AB9857D3253CB24E00485B29 /* FittedSheets */; };
		ABEBCCAF253E87AC002E03A6 /* UserDefaultsHelper.swift in Sources */ = {isa = PBXBuildFile; fileRef = ABEBCCAE253E87AC002E03A6 /* UserDefaultsHelper.swift */; };
		ABEBCCC3253E949F002E03A6 /* Yuanti.ttc in Resources */ = {isa = PBXBuildFile; fileRef = ABEBCCC2253E949F002E03A6 /* Yuanti.ttc */; };
		ABECBF10253D891C00EF7D43 /* ActivitiesCollectionViewCell.swift in Sources */ = {isa = PBXBuildFile; fileRef = ABECBF0E253D891C00EF7D43 /* ActivitiesCollectionViewCell.swift */; };
		ABECBF11253D891C00EF7D43 /* ActivitiesCollectionViewCell.xib in Resources */ = {isa = PBXBuildFile; fileRef = ABECBF0F253D891C00EF7D43 /* ActivitiesCollectionViewCell.xib */; };
		ABECBF17253D8E7600EF7D43 /* Activity.swift in Sources */ = {isa = PBXBuildFile; fileRef = ABECBF16253D8E7600EF7D43 /* Activity.swift */; };
		ABECBF22253D9F1900EF7D43 /* CornerRadiusHelper.swift in Sources */ = {isa = PBXBuildFile; fileRef = ABECBF21253D9F1900EF7D43 /* CornerRadiusHelper.swift */; };
		ABED45F62538198E0005176A /* ActivityListInstruction.swift in Sources */ = {isa = PBXBuildFile; fileRef = ABED45F52538198E0005176A /* ActivityListInstruction.swift */; };
/* End PBXBuildFile section */

/* Begin PBXContainerItemProxy section */
		AB92A18B253730FA003F8823 /* PBXContainerItemProxy */ = {
			isa = PBXContainerItemProxy;
			containerPortal = AB92A169253730F9003F8823 /* Project object */;
			proxyType = 1;
			remoteGlobalIDString = AB92A170253730F9003F8823;
			remoteInfo = Joey;
		};
		AB92A196253730FA003F8823 /* PBXContainerItemProxy */ = {
			isa = PBXContainerItemProxy;
			containerPortal = AB92A169253730F9003F8823 /* Project object */;
			proxyType = 1;
			remoteGlobalIDString = AB92A170253730F9003F8823;
			remoteInfo = Joey;
		};
/* End PBXContainerItemProxy section */

/* Begin PBXFileReference section */
		166C532B253732DF007C5EF3 /* Home.storyboard */ = {isa = PBXFileReference; lastKnownFileType = file.storyboard; path = Home.storyboard; sourceTree = "<group>"; };
		166C5330253732E9007C5EF3 /* HomeViewController.swift */ = {isa = PBXFileReference; lastKnownFileType = sourcecode.swift; path = HomeViewController.swift; sourceTree = "<group>"; };
		166C53352537332F007C5EF3 /* Onboarding.storyboard */ = {isa = PBXFileReference; lastKnownFileType = file.storyboard; path = Onboarding.storyboard; sourceTree = "<group>"; };
		166C533A25373359007C5EF3 /* OnboardingViewController.swift */ = {isa = PBXFileReference; lastKnownFileType = sourcecode.swift; path = OnboardingViewController.swift; sourceTree = "<group>"; };
		166C533F25373372007C5EF3 /* DetectEmotion.storyboard */ = {isa = PBXFileReference; lastKnownFileType = file.storyboard; path = DetectEmotion.storyboard; sourceTree = "<group>"; };
		166C534C253733A0007C5EF3 /* DetectEmotionStartViewController.swift */ = {isa = PBXFileReference; lastKnownFileType = sourcecode.swift; path = DetectEmotionStartViewController.swift; sourceTree = "<group>"; };
		166C5352253738F4007C5EF3 /* AlertHelper.swift */ = {isa = PBXFileReference; lastKnownFileType = sourcecode.swift; path = AlertHelper.swift; sourceTree = "<group>"; };
		167E0E72253EA1CB00602784 /* FaceData.swift */ = {isa = PBXFileReference; lastKnownFileType = sourcecode.swift; path = FaceData.swift; sourceTree = "<group>"; };
		167E0E7A253EABA700602784 /* EmotionHelper.swift */ = {isa = PBXFileReference; lastKnownFileType = sourcecode.swift; path = EmotionHelper.swift; sourceTree = "<group>"; };
		16AA990A253DC9A2006C4865 /* DetectEmotionAnalyzeViewController.swift */ = {isa = PBXFileReference; lastKnownFileType = sourcecode.swift; path = DetectEmotionAnalyzeViewController.swift; sourceTree = "<group>"; };
		16D60307253E5D42001A45C9 /* DetectEmotionResultViewController.swift */ = {isa = PBXFileReference; lastKnownFileType = sourcecode.swift; path = DetectEmotionResultViewController.swift; sourceTree = "<group>"; };
		5A119155253D995C00775C8D /* OnboardThemeSelectorViewController.swift */ = {isa = PBXFileReference; lastKnownFileType = sourcecode.swift; path = OnboardThemeSelectorViewController.swift; sourceTree = "<group>"; };
		5A8C6EA0253EA51800F95286 /* TOSTableViewController.swift */ = {isa = PBXFileReference; lastKnownFileType = sourcecode.swift; path = TOSTableViewController.swift; sourceTree = "<group>"; };
		5A8C6EA5253EA57600F95286 /* TermsOfServiceModel.swift */ = {isa = PBXFileReference; lastKnownFileType = sourcecode.swift; path = TermsOfServiceModel.swift; sourceTree = "<group>"; };
		5A8C6EAE253EAA4F00F95286 /* TOSTableViewCell.swift */ = {isa = PBXFileReference; lastKnownFileType = sourcecode.swift; path = TOSTableViewCell.swift; sourceTree = "<group>"; };
		5A9DA16025406BFE0090EC41 /* TOSPPViewController.swift */ = {isa = PBXFileReference; fileEncoding = 4; lastKnownFileType = sourcecode.swift; path = TOSPPViewController.swift; sourceTree = "<group>"; };
		5AAE9BAA253F03400075966B /* PrivacyPolicyModel.swift */ = {isa = PBXFileReference; lastKnownFileType = sourcecode.swift; path = PrivacyPolicyModel.swift; sourceTree = "<group>"; };
		5AAE9BB4253F08610075966B /* PrivPolicyTableViewCell.swift */ = {isa = PBXFileReference; lastKnownFileType = sourcecode.swift; path = PrivPolicyTableViewCell.swift; sourceTree = "<group>"; };
		5AAE9BB9253F08820075966B /* PrivPolicyTableViewController.swift */ = {isa = PBXFileReference; lastKnownFileType = sourcecode.swift; path = PrivPolicyTableViewController.swift; sourceTree = "<group>"; };
		5AD838C8253E8BCC0042D14E /* Yuanti.ttc */ = {isa = PBXFileReference; lastKnownFileType = file; path = Yuanti.ttc; sourceTree = "<group>"; };
		AB92A171253730F9003F8823 /* Joey.app */ = {isa = PBXFileReference; explicitFileType = wrapper.application; includeInIndex = 0; path = Joey.app; sourceTree = BUILT_PRODUCTS_DIR; };
		AB92A174253730F9003F8823 /* AppDelegate.swift */ = {isa = PBXFileReference; lastKnownFileType = sourcecode.swift; path = AppDelegate.swift; sourceTree = "<group>"; };
		AB92A176253730F9003F8823 /* SceneDelegate.swift */ = {isa = PBXFileReference; lastKnownFileType = sourcecode.swift; path = SceneDelegate.swift; sourceTree = "<group>"; };
		AB92A178253730F9003F8823 /* ViewController.swift */ = {isa = PBXFileReference; lastKnownFileType = sourcecode.swift; path = ViewController.swift; sourceTree = "<group>"; };
		AB92A17B253730F9003F8823 /* Base */ = {isa = PBXFileReference; lastKnownFileType = file.storyboard; name = Base; path = Base.lproj/Main.storyboard; sourceTree = "<group>"; };
		AB92A17E253730F9003F8823 /* Joey.xcdatamodel */ = {isa = PBXFileReference; lastKnownFileType = wrapper.xcdatamodel; path = Joey.xcdatamodel; sourceTree = "<group>"; };
		AB92A180253730FA003F8823 /* Assets.xcassets */ = {isa = PBXFileReference; lastKnownFileType = folder.assetcatalog; path = Assets.xcassets; sourceTree = "<group>"; };
		AB92A183253730FA003F8823 /* Base */ = {isa = PBXFileReference; lastKnownFileType = file.storyboard; name = Base; path = Base.lproj/LaunchScreen.storyboard; sourceTree = "<group>"; };
		AB92A185253730FA003F8823 /* Info.plist */ = {isa = PBXFileReference; lastKnownFileType = text.plist.xml; path = Info.plist; sourceTree = "<group>"; };
		AB92A18A253730FA003F8823 /* JoeyTests.xctest */ = {isa = PBXFileReference; explicitFileType = wrapper.cfbundle; includeInIndex = 0; path = JoeyTests.xctest; sourceTree = BUILT_PRODUCTS_DIR; };
		AB92A18E253730FA003F8823 /* JoeyTests.swift */ = {isa = PBXFileReference; lastKnownFileType = sourcecode.swift; path = JoeyTests.swift; sourceTree = "<group>"; };
		AB92A190253730FA003F8823 /* Info.plist */ = {isa = PBXFileReference; lastKnownFileType = text.plist.xml; path = Info.plist; sourceTree = "<group>"; };
		AB92A195253730FA003F8823 /* JoeyUITests.xctest */ = {isa = PBXFileReference; explicitFileType = wrapper.cfbundle; includeInIndex = 0; path = JoeyUITests.xctest; sourceTree = BUILT_PRODUCTS_DIR; };
		AB92A199253730FA003F8823 /* JoeyUITests.swift */ = {isa = PBXFileReference; lastKnownFileType = sourcecode.swift; path = JoeyUITests.swift; sourceTree = "<group>"; };
		AB92A19B253730FA003F8823 /* Info.plist */ = {isa = PBXFileReference; lastKnownFileType = text.plist.xml; path = Info.plist; sourceTree = "<group>"; };
		AB92A1B925374814003F8823 /* Joey.entitlements */ = {isa = PBXFileReference; lastKnownFileType = text.plist.entitlements; path = Joey.entitlements; sourceTree = "<group>"; };
		AB92A1BB25374831003F8823 /* CloudKit.framework */ = {isa = PBXFileReference; lastKnownFileType = wrapper.framework; name = CloudKit.framework; path = System/Library/Frameworks/CloudKit.framework; sourceTree = SDKROOT; };
		AB9857CA253C9F3D00485B29 /* BottomSheetViewController.swift */ = {isa = PBXFileReference; lastKnownFileType = sourcecode.swift; path = BottomSheetViewController.swift; sourceTree = "<group>"; };
		ABEBCCAE253E87AC002E03A6 /* UserDefaultsHelper.swift */ = {isa = PBXFileReference; fileEncoding = 4; lastKnownFileType = sourcecode.swift; path = UserDefaultsHelper.swift; sourceTree = "<group>"; };
		ABEBCCC2253E949F002E03A6 /* Yuanti.ttc */ = {isa = PBXFileReference; lastKnownFileType = file; path = Yuanti.ttc; sourceTree = "<group>"; };
		ABECBF0E253D891C00EF7D43 /* ActivitiesCollectionViewCell.swift */ = {isa = PBXFileReference; lastKnownFileType = sourcecode.swift; path = ActivitiesCollectionViewCell.swift; sourceTree = "<group>"; };
		ABECBF0F253D891C00EF7D43 /* ActivitiesCollectionViewCell.xib */ = {isa = PBXFileReference; lastKnownFileType = file.xib; path = ActivitiesCollectionViewCell.xib; sourceTree = "<group>"; };
		ABECBF16253D8E7600EF7D43 /* Activity.swift */ = {isa = PBXFileReference; lastKnownFileType = sourcecode.swift; path = Activity.swift; sourceTree = "<group>"; };
		ABECBF21253D9F1900EF7D43 /* CornerRadiusHelper.swift */ = {isa = PBXFileReference; lastKnownFileType = sourcecode.swift; path = CornerRadiusHelper.swift; sourceTree = "<group>"; };
		ABED45F52538198E0005176A /* ActivityListInstruction.swift */ = {isa = PBXFileReference; lastKnownFileType = sourcecode.swift; path = ActivityListInstruction.swift; sourceTree = "<group>"; };
/* End PBXFileReference section */

/* Begin PBXFrameworksBuildPhase section */
		AB92A16E253730F9003F8823 /* Frameworks */ = {
			isa = PBXFrameworksBuildPhase;
			buildActionMask = 2147483647;
			files = (
				AB9857D4253CB24E00485B29 /* FittedSheets in Frameworks */,
				AB92A1BC25374831003F8823 /* CloudKit.framework in Frameworks */,
				AB92A1B5253747E4003F8823 /* Charts in Frameworks */,
			);
			runOnlyForDeploymentPostprocessing = 0;
		};
		AB92A187253730FA003F8823 /* Frameworks */ = {
			isa = PBXFrameworksBuildPhase;
			buildActionMask = 2147483647;
			files = (
			);
			runOnlyForDeploymentPostprocessing = 0;
		};
		AB92A192253730FA003F8823 /* Frameworks */ = {
			isa = PBXFrameworksBuildPhase;
			buildActionMask = 2147483647;
			files = (
			);
			runOnlyForDeploymentPostprocessing = 0;
		};
/* End PBXFrameworksBuildPhase section */

/* Begin PBXGroup section */
		166C532125373272007C5EF3 /* Home */ = {
			isa = PBXGroup;
			children = (
				ABECBF15253D8D9700EF7D43 /* Models */,
				166C5326253732AB007C5EF3 /* Controllers */,
				166C5325253732A5007C5EF3 /* Views */,
			);
			path = Home;
			sourceTree = "<group>";
		};
		166C53222537327D007C5EF3 /* Onboarding */ = {
			isa = PBXGroup;
			children = (
				5A8C6EAA253EA58000F95286 /* Model */,
				166C5328253732B3007C5EF3 /* Controllers */,
				166C5327253732B0007C5EF3 /* Views */,
			);
			path = Onboarding;
			sourceTree = "<group>";
		};
		166C532325373283007C5EF3 /* DetectEmotion */ = {
			isa = PBXGroup;
			children = (
				167E0E71253EA1AC00602784 /* Models */,
				166C532A253732BB007C5EF3 /* Controllers */,
				166C5329253732B8007C5EF3 /* Views */,
			);
			path = DetectEmotion;
			sourceTree = "<group>";
		};
		166C5325253732A5007C5EF3 /* Views */ = {
			isa = PBXGroup;
			children = (
				166C532B253732DF007C5EF3 /* Home.storyboard */,
				ABECBF0E253D891C00EF7D43 /* ActivitiesCollectionViewCell.swift */,
				ABECBF0F253D891C00EF7D43 /* ActivitiesCollectionViewCell.xib */,
			);
			path = Views;
			sourceTree = "<group>";
		};
		166C5326253732AB007C5EF3 /* Controllers */ = {
			isa = PBXGroup;
			children = (
				166C5330253732E9007C5EF3 /* HomeViewController.swift */,
				AB9857CA253C9F3D00485B29 /* BottomSheetViewController.swift */,
			);
			path = Controllers;
			sourceTree = "<group>";
		};
		166C5327253732B0007C5EF3 /* Views */ = {
			isa = PBXGroup;
			children = (
				166C53352537332F007C5EF3 /* Onboarding.storyboard */,
			);
			path = Views;
			sourceTree = "<group>";
		};
		166C5328253732B3007C5EF3 /* Controllers */ = {
			isa = PBXGroup;
			children = (
				5A9DA16025406BFE0090EC41 /* TOSPPViewController.swift */,
				166C533A25373359007C5EF3 /* OnboardingViewController.swift */,
				5A119155253D995C00775C8D /* OnboardThemeSelectorViewController.swift */,
				5AAE9BB3253F08360075966B /* PrivacyPolicy */,
				5AAE9BAF253F03B60075966B /* TermsOfService */,
			);
			path = Controllers;
			sourceTree = "<group>";
		};
		166C5329253732B8007C5EF3 /* Views */ = {
			isa = PBXGroup;
			children = (
				166C533F25373372007C5EF3 /* DetectEmotion.storyboard */,
			);
			path = Views;
			sourceTree = "<group>";
		};
		166C532A253732BB007C5EF3 /* Controllers */ = {
			isa = PBXGroup;
			children = (
				166C534C253733A0007C5EF3 /* DetectEmotionStartViewController.swift */,
				16AA990A253DC9A2006C4865 /* DetectEmotionAnalyzeViewController.swift */,
				16D60307253E5D42001A45C9 /* DetectEmotionResultViewController.swift */,
			);
			path = Controllers;
			sourceTree = "<group>";
		};
		166C5351253738DD007C5EF3 /* Helpers */ = {
			isa = PBXGroup;
			children = (
				ABEBCCAE253E87AC002E03A6 /* UserDefaultsHelper.swift */,
				166C5352253738F4007C5EF3 /* AlertHelper.swift */,
				ABECBF21253D9F1900EF7D43 /* CornerRadiusHelper.swift */,
				167E0E7A253EABA700602784 /* EmotionHelper.swift */,
			);
			path = Helpers;
			sourceTree = "<group>";
		};
		167E0E71253EA1AC00602784 /* Models */ = {
			isa = PBXGroup;
			children = (
				167E0E72253EA1CB00602784 /* FaceData.swift */,
			);
			path = Models;
			sourceTree = "<group>";
		};
		5A8C6EAA253EA58000F95286 /* Model */ = {
			isa = PBXGroup;
			children = (
				5A8C6EA5253EA57600F95286 /* TermsOfServiceModel.swift */,
				5AAE9BAA253F03400075966B /* PrivacyPolicyModel.swift */,
			);
			path = Model;
			sourceTree = "<group>";
		};
		5A9DA15F25406BA10090EC41 /* Recovered References */ = {
			isa = PBXGroup;
			children = (
				5AD838C8253E8BCC0042D14E /* Yuanti.ttc */,
			);
			name = "Recovered References";
			sourceTree = "<group>";
		};
		5AAE9BAF253F03B60075966B /* TermsOfService */ = {
			isa = PBXGroup;
			children = (
				5A8C6EA0253EA51800F95286 /* TOSTableViewController.swift */,
				5A8C6EAE253EAA4F00F95286 /* TOSTableViewCell.swift */,
			);
			path = TermsOfService;
			sourceTree = "<group>";
		};
		5AAE9BB3253F08360075966B /* PrivacyPolicy */ = {
			isa = PBXGroup;
			children = (
				5AAE9BB9253F08820075966B /* PrivPolicyTableViewController.swift */,
				5AAE9BB4253F08610075966B /* PrivPolicyTableViewCell.swift */,
			);
			path = PrivacyPolicy;
			sourceTree = "<group>";
		};
		5AD838C7253E8B940042D14E /* Font */ = {
			isa = PBXGroup;
			children = (
				ABEBCCC2253E949F002E03A6 /* Yuanti.ttc */,
			);
			path = Font;
			sourceTree = "<group>";
		};
		AB92A168253730F9003F8823 = {
			isa = PBXGroup;
			children = (
				AB92A173253730F9003F8823 /* Joey */,
				AB92A18D253730FA003F8823 /* JoeyTests */,
				AB92A198253730FA003F8823 /* JoeyUITests */,
				AB92A172253730F9003F8823 /* Products */,
				AB92A1BA25374831003F8823 /* Frameworks */,
				5A9DA15F25406BA10090EC41 /* Recovered References */,
			);
			sourceTree = "<group>";
		};
		AB92A172253730F9003F8823 /* Products */ = {
			isa = PBXGroup;
			children = (
				AB92A171253730F9003F8823 /* Joey.app */,
				AB92A18A253730FA003F8823 /* JoeyTests.xctest */,
				AB92A195253730FA003F8823 /* JoeyUITests.xctest */,
			);
			name = Products;
			sourceTree = "<group>";
		};
		AB92A173253730F9003F8823 /* Joey */ = {
			isa = PBXGroup;
			children = (
				5AD838C7253E8B940042D14E /* Font */,
				ABED45F3253819530005176A /* Activities */,
				166C5351253738DD007C5EF3 /* Helpers */,
				166C532325373283007C5EF3 /* DetectEmotion */,
				166C53222537327D007C5EF3 /* Onboarding */,
				166C532125373272007C5EF3 /* Home */,
				AB92A174253730F9003F8823 /* AppDelegate.swift */,
				AB92A1B925374814003F8823 /* Joey.entitlements */,
				AB92A176253730F9003F8823 /* SceneDelegate.swift */,
				AB92A178253730F9003F8823 /* ViewController.swift */,
				AB92A17A253730F9003F8823 /* Main.storyboard */,
				AB92A180253730FA003F8823 /* Assets.xcassets */,
				AB92A182253730FA003F8823 /* LaunchScreen.storyboard */,
				AB92A185253730FA003F8823 /* Info.plist */,
				AB92A17D253730F9003F8823 /* Joey.xcdatamodeld */,
			);
			path = Joey;
			sourceTree = "<group>";
		};
		AB92A18D253730FA003F8823 /* JoeyTests */ = {
			isa = PBXGroup;
			children = (
				AB92A18E253730FA003F8823 /* JoeyTests.swift */,
				AB92A190253730FA003F8823 /* Info.plist */,
			);
			path = JoeyTests;
			sourceTree = "<group>";
		};
		AB92A198253730FA003F8823 /* JoeyUITests */ = {
			isa = PBXGroup;
			children = (
				AB92A199253730FA003F8823 /* JoeyUITests.swift */,
				AB92A19B253730FA003F8823 /* Info.plist */,
			);
			path = JoeyUITests;
			sourceTree = "<group>";
		};
		AB92A1BA25374831003F8823 /* Frameworks */ = {
			isa = PBXGroup;
			children = (
				AB92A1BB25374831003F8823 /* CloudKit.framework */,
			);
			name = Frameworks;
			sourceTree = "<group>";
		};
		ABECBF15253D8D9700EF7D43 /* Models */ = {
			isa = PBXGroup;
			children = (
				ABECBF16253D8E7600EF7D43 /* Activity.swift */,
			);
			path = Models;
			sourceTree = "<group>";
		};
		ABED45F3253819530005176A /* Activities */ = {
			isa = PBXGroup;
			children = (
				ABED45F42538196E0005176A /* Models */,
			);
			path = Activities;
			sourceTree = "<group>";
		};
		ABED45F42538196E0005176A /* Models */ = {
			isa = PBXGroup;
			children = (
				ABED45F52538198E0005176A /* ActivityListInstruction.swift */,
			);
			path = Models;
			sourceTree = "<group>";
		};
/* End PBXGroup section */

/* Begin PBXNativeTarget section */
		AB92A170253730F9003F8823 /* Joey */ = {
			isa = PBXNativeTarget;
			buildConfigurationList = AB92A19E253730FA003F8823 /* Build configuration list for PBXNativeTarget "Joey" */;
			buildPhases = (
				AB92A16D253730F9003F8823 /* Sources */,
				AB92A16E253730F9003F8823 /* Frameworks */,
				AB92A16F253730F9003F8823 /* Resources */,
			);
			buildRules = (
			);
			dependencies = (
			);
			name = Joey;
			packageProductDependencies = (
				AB92A1B4253747E4003F8823 /* Charts */,
				AB9857D3253CB24E00485B29 /* FittedSheets */,
			);
			productName = Joey;
			productReference = AB92A171253730F9003F8823 /* Joey.app */;
			productType = "com.apple.product-type.application";
		};
		AB92A189253730FA003F8823 /* JoeyTests */ = {
			isa = PBXNativeTarget;
			buildConfigurationList = AB92A1A1253730FA003F8823 /* Build configuration list for PBXNativeTarget "JoeyTests" */;
			buildPhases = (
				AB92A186253730FA003F8823 /* Sources */,
				AB92A187253730FA003F8823 /* Frameworks */,
				AB92A188253730FA003F8823 /* Resources */,
			);
			buildRules = (
			);
			dependencies = (
				AB92A18C253730FA003F8823 /* PBXTargetDependency */,
			);
			name = JoeyTests;
			productName = JoeyTests;
			productReference = AB92A18A253730FA003F8823 /* JoeyTests.xctest */;
			productType = "com.apple.product-type.bundle.unit-test";
		};
		AB92A194253730FA003F8823 /* JoeyUITests */ = {
			isa = PBXNativeTarget;
			buildConfigurationList = AB92A1A4253730FA003F8823 /* Build configuration list for PBXNativeTarget "JoeyUITests" */;
			buildPhases = (
				AB92A191253730FA003F8823 /* Sources */,
				AB92A192253730FA003F8823 /* Frameworks */,
				AB92A193253730FA003F8823 /* Resources */,
			);
			buildRules = (
			);
			dependencies = (
				AB92A197253730FA003F8823 /* PBXTargetDependency */,
			);
			name = JoeyUITests;
			productName = JoeyUITests;
			productReference = AB92A195253730FA003F8823 /* JoeyUITests.xctest */;
			productType = "com.apple.product-type.bundle.ui-testing";
		};
/* End PBXNativeTarget section */

/* Begin PBXProject section */
		AB92A169253730F9003F8823 /* Project object */ = {
			isa = PBXProject;
			attributes = {
				LastSwiftUpdateCheck = 1200;
				LastUpgradeCheck = 1200;
				TargetAttributes = {
					AB92A170253730F9003F8823 = {
						CreatedOnToolsVersion = 12.0.1;
					};
					AB92A189253730FA003F8823 = {
						CreatedOnToolsVersion = 12.0.1;
						TestTargetID = AB92A170253730F9003F8823;
					};
					AB92A194253730FA003F8823 = {
						CreatedOnToolsVersion = 12.0.1;
						TestTargetID = AB92A170253730F9003F8823;
					};
				};
			};
			buildConfigurationList = AB92A16C253730F9003F8823 /* Build configuration list for PBXProject "Joey" */;
			compatibilityVersion = "Xcode 9.3";
			developmentRegion = en;
			hasScannedForEncodings = 0;
			knownRegions = (
				en,
				Base,
			);
			mainGroup = AB92A168253730F9003F8823;
			packageReferences = (
				AB92A1B3253747E4003F8823 /* XCRemoteSwiftPackageReference "Charts" */,
				AB9857D2253CB24E00485B29 /* XCRemoteSwiftPackageReference "FittedSheets" */,
			);
			productRefGroup = AB92A172253730F9003F8823 /* Products */;
			projectDirPath = "";
			projectRoot = "";
			targets = (
				AB92A170253730F9003F8823 /* Joey */,
				AB92A189253730FA003F8823 /* JoeyTests */,
				AB92A194253730FA003F8823 /* JoeyUITests */,
			);
		};
/* End PBXProject section */

/* Begin PBXResourcesBuildPhase section */
		AB92A16F253730F9003F8823 /* Resources */ = {
			isa = PBXResourcesBuildPhase;
			buildActionMask = 2147483647;
			files = (
				AB92A184253730FA003F8823 /* LaunchScreen.storyboard in Resources */,
				166C53362537332F007C5EF3 /* Onboarding.storyboard in Resources */,
				AB92A181253730FA003F8823 /* Assets.xcassets in Resources */,
				166C534025373372007C5EF3 /* DetectEmotion.storyboard in Resources */,
				AB92A17C253730F9003F8823 /* Main.storyboard in Resources */,
				5A8C6E9C253E9E5A00F95286 /* Yuanti.ttc in Resources */,
				ABEBCCC3253E949F002E03A6 /* Yuanti.ttc in Resources */,
				166C532C253732DF007C5EF3 /* Home.storyboard in Resources */,
				ABECBF11253D891C00EF7D43 /* ActivitiesCollectionViewCell.xib in Resources */,
			);
			runOnlyForDeploymentPostprocessing = 0;
		};
		AB92A188253730FA003F8823 /* Resources */ = {
			isa = PBXResourcesBuildPhase;
			buildActionMask = 2147483647;
			files = (
			);
			runOnlyForDeploymentPostprocessing = 0;
		};
		AB92A193253730FA003F8823 /* Resources */ = {
			isa = PBXResourcesBuildPhase;
			buildActionMask = 2147483647;
			files = (
			);
			runOnlyForDeploymentPostprocessing = 0;
		};
/* End PBXResourcesBuildPhase section */

/* Begin PBXSourcesBuildPhase section */
		AB92A16D253730F9003F8823 /* Sources */ = {
			isa = PBXSourcesBuildPhase;
			buildActionMask = 2147483647;
			files = (
				166C5331253732E9007C5EF3 /* HomeViewController.swift in Sources */,
				ABED45F62538198E0005176A /* ActivityListInstruction.swift in Sources */,
				ABECBF22253D9F1900EF7D43 /* CornerRadiusHelper.swift in Sources */,
				5A119156253D995C00775C8D /* OnboardThemeSelectorViewController.swift in Sources */,
				166C533B25373359007C5EF3 /* OnboardingViewController.swift in Sources */,
				AB92A17F253730F9003F8823 /* Joey.xcdatamodeld in Sources */,
				5AAE9BBA253F08820075966B /* PrivPolicyTableViewController.swift in Sources */,
				5A8C6EA6253EA57600F95286 /* TermsOfServiceModel.swift in Sources */,
				16D60308253E5D42001A45C9 /* DetectEmotionResultViewController.swift in Sources */,
				167E0E7B253EABA700602784 /* EmotionHelper.swift in Sources */,
				AB92A179253730F9003F8823 /* ViewController.swift in Sources */,
				166C5353253738F4007C5EF3 /* AlertHelper.swift in Sources */,
				5AAE9BAB253F03400075966B /* PrivacyPolicyModel.swift in Sources */,
				AB9857CB253C9F3D00485B29 /* BottomSheetViewController.swift in Sources */,
				ABEBCCAF253E87AC002E03A6 /* UserDefaultsHelper.swift in Sources */,
				5A8C6EAF253EAA4F00F95286 /* TOSTableViewCell.swift in Sources */,
				AB92A175253730F9003F8823 /* AppDelegate.swift in Sources */,
				5A9DA16125406BFE0090EC41 /* TOSPPViewController.swift in Sources */,
				5AAE9BB5253F08610075966B /* PrivPolicyTableViewCell.swift in Sources */,
				ABECBF10253D891C00EF7D43 /* ActivitiesCollectionViewCell.swift in Sources */,
				166C534D253733A0007C5EF3 /* DetectEmotionStartViewController.swift in Sources */,
				ABECBF17253D8E7600EF7D43 /* Activity.swift in Sources */,
				AB92A175253730F9003F8823 /* AppDelegate.swift in Sources */,
				16AA990B253DC9A2006C4865 /* DetectEmotionAnalyzeViewController.swift in Sources */,
				5A8C6EA1253EA51800F95286 /* TOSTableViewController.swift in Sources */,
				166C534D253733A0007C5EF3 /* DetectEmotionStartViewController.swift in Sources */,
				167E0E73253EA1CB00602784 /* FaceData.swift in Sources */,
				AB92A177253730F9003F8823 /* SceneDelegate.swift in Sources */,
			);
			runOnlyForDeploymentPostprocessing = 0;
		};
		AB92A186253730FA003F8823 /* Sources */ = {
			isa = PBXSourcesBuildPhase;
			buildActionMask = 2147483647;
			files = (
				AB92A18F253730FA003F8823 /* JoeyTests.swift in Sources */,
			);
			runOnlyForDeploymentPostprocessing = 0;
		};
		AB92A191253730FA003F8823 /* Sources */ = {
			isa = PBXSourcesBuildPhase;
			buildActionMask = 2147483647;
			files = (
				AB92A19A253730FA003F8823 /* JoeyUITests.swift in Sources */,
			);
			runOnlyForDeploymentPostprocessing = 0;
		};
/* End PBXSourcesBuildPhase section */

/* Begin PBXTargetDependency section */
		AB92A18C253730FA003F8823 /* PBXTargetDependency */ = {
			isa = PBXTargetDependency;
			target = AB92A170253730F9003F8823 /* Joey */;
			targetProxy = AB92A18B253730FA003F8823 /* PBXContainerItemProxy */;
		};
		AB92A197253730FA003F8823 /* PBXTargetDependency */ = {
			isa = PBXTargetDependency;
			target = AB92A170253730F9003F8823 /* Joey */;
			targetProxy = AB92A196253730FA003F8823 /* PBXContainerItemProxy */;
		};
/* End PBXTargetDependency section */

/* Begin PBXVariantGroup section */
		AB92A17A253730F9003F8823 /* Main.storyboard */ = {
			isa = PBXVariantGroup;
			children = (
				AB92A17B253730F9003F8823 /* Base */,
			);
			name = Main.storyboard;
			sourceTree = "<group>";
		};
		AB92A182253730FA003F8823 /* LaunchScreen.storyboard */ = {
			isa = PBXVariantGroup;
			children = (
				AB92A183253730FA003F8823 /* Base */,
			);
			name = LaunchScreen.storyboard;
			sourceTree = "<group>";
		};
/* End PBXVariantGroup section */

/* Begin XCBuildConfiguration section */
		AB92A19C253730FA003F8823 /* Debug */ = {
			isa = XCBuildConfiguration;
			buildSettings = {
				ALWAYS_SEARCH_USER_PATHS = NO;
				CLANG_ANALYZER_NONNULL = YES;
				CLANG_ANALYZER_NUMBER_OBJECT_CONVERSION = YES_AGGRESSIVE;
				CLANG_CXX_LANGUAGE_STANDARD = "gnu++14";
				CLANG_CXX_LIBRARY = "libc++";
				CLANG_ENABLE_MODULES = YES;
				CLANG_ENABLE_OBJC_ARC = YES;
				CLANG_ENABLE_OBJC_WEAK = YES;
				CLANG_WARN_BLOCK_CAPTURE_AUTORELEASING = YES;
				CLANG_WARN_BOOL_CONVERSION = YES;
				CLANG_WARN_COMMA = YES;
				CLANG_WARN_CONSTANT_CONVERSION = YES;
				CLANG_WARN_DEPRECATED_OBJC_IMPLEMENTATIONS = YES;
				CLANG_WARN_DIRECT_OBJC_ISA_USAGE = YES_ERROR;
				CLANG_WARN_DOCUMENTATION_COMMENTS = YES;
				CLANG_WARN_EMPTY_BODY = YES;
				CLANG_WARN_ENUM_CONVERSION = YES;
				CLANG_WARN_INFINITE_RECURSION = YES;
				CLANG_WARN_INT_CONVERSION = YES;
				CLANG_WARN_NON_LITERAL_NULL_CONVERSION = YES;
				CLANG_WARN_OBJC_IMPLICIT_RETAIN_SELF = YES;
				CLANG_WARN_OBJC_LITERAL_CONVERSION = YES;
				CLANG_WARN_OBJC_ROOT_CLASS = YES_ERROR;
				CLANG_WARN_QUOTED_INCLUDE_IN_FRAMEWORK_HEADER = YES;
				CLANG_WARN_RANGE_LOOP_ANALYSIS = YES;
				CLANG_WARN_STRICT_PROTOTYPES = YES;
				CLANG_WARN_SUSPICIOUS_MOVE = YES;
				CLANG_WARN_UNGUARDED_AVAILABILITY = YES_AGGRESSIVE;
				CLANG_WARN_UNREACHABLE_CODE = YES;
				CLANG_WARN__DUPLICATE_METHOD_MATCH = YES;
				COPY_PHASE_STRIP = NO;
				DEBUG_INFORMATION_FORMAT = dwarf;
				ENABLE_STRICT_OBJC_MSGSEND = YES;
				ENABLE_TESTABILITY = YES;
				GCC_C_LANGUAGE_STANDARD = gnu11;
				GCC_DYNAMIC_NO_PIC = NO;
				GCC_NO_COMMON_BLOCKS = YES;
				GCC_OPTIMIZATION_LEVEL = 0;
				GCC_PREPROCESSOR_DEFINITIONS = (
					"DEBUG=1",
					"$(inherited)",
				);
				GCC_WARN_64_TO_32_BIT_CONVERSION = YES;
				GCC_WARN_ABOUT_RETURN_TYPE = YES_ERROR;
				GCC_WARN_UNDECLARED_SELECTOR = YES;
				GCC_WARN_UNINITIALIZED_AUTOS = YES_AGGRESSIVE;
				GCC_WARN_UNUSED_FUNCTION = YES;
				GCC_WARN_UNUSED_VARIABLE = YES;
				IPHONEOS_DEPLOYMENT_TARGET = 14.0;
				MTL_ENABLE_DEBUG_INFO = INCLUDE_SOURCE;
				MTL_FAST_MATH = YES;
				ONLY_ACTIVE_ARCH = YES;
				SDKROOT = iphoneos;
				SWIFT_ACTIVE_COMPILATION_CONDITIONS = DEBUG;
				SWIFT_OPTIMIZATION_LEVEL = "-Onone";
			};
			name = Debug;
		};
		AB92A19D253730FA003F8823 /* Release */ = {
			isa = XCBuildConfiguration;
			buildSettings = {
				ALWAYS_SEARCH_USER_PATHS = NO;
				CLANG_ANALYZER_NONNULL = YES;
				CLANG_ANALYZER_NUMBER_OBJECT_CONVERSION = YES_AGGRESSIVE;
				CLANG_CXX_LANGUAGE_STANDARD = "gnu++14";
				CLANG_CXX_LIBRARY = "libc++";
				CLANG_ENABLE_MODULES = YES;
				CLANG_ENABLE_OBJC_ARC = YES;
				CLANG_ENABLE_OBJC_WEAK = YES;
				CLANG_WARN_BLOCK_CAPTURE_AUTORELEASING = YES;
				CLANG_WARN_BOOL_CONVERSION = YES;
				CLANG_WARN_COMMA = YES;
				CLANG_WARN_CONSTANT_CONVERSION = YES;
				CLANG_WARN_DEPRECATED_OBJC_IMPLEMENTATIONS = YES;
				CLANG_WARN_DIRECT_OBJC_ISA_USAGE = YES_ERROR;
				CLANG_WARN_DOCUMENTATION_COMMENTS = YES;
				CLANG_WARN_EMPTY_BODY = YES;
				CLANG_WARN_ENUM_CONVERSION = YES;
				CLANG_WARN_INFINITE_RECURSION = YES;
				CLANG_WARN_INT_CONVERSION = YES;
				CLANG_WARN_NON_LITERAL_NULL_CONVERSION = YES;
				CLANG_WARN_OBJC_IMPLICIT_RETAIN_SELF = YES;
				CLANG_WARN_OBJC_LITERAL_CONVERSION = YES;
				CLANG_WARN_OBJC_ROOT_CLASS = YES_ERROR;
				CLANG_WARN_QUOTED_INCLUDE_IN_FRAMEWORK_HEADER = YES;
				CLANG_WARN_RANGE_LOOP_ANALYSIS = YES;
				CLANG_WARN_STRICT_PROTOTYPES = YES;
				CLANG_WARN_SUSPICIOUS_MOVE = YES;
				CLANG_WARN_UNGUARDED_AVAILABILITY = YES_AGGRESSIVE;
				CLANG_WARN_UNREACHABLE_CODE = YES;
				CLANG_WARN__DUPLICATE_METHOD_MATCH = YES;
				COPY_PHASE_STRIP = NO;
				DEBUG_INFORMATION_FORMAT = "dwarf-with-dsym";
				ENABLE_NS_ASSERTIONS = NO;
				ENABLE_STRICT_OBJC_MSGSEND = YES;
				GCC_C_LANGUAGE_STANDARD = gnu11;
				GCC_NO_COMMON_BLOCKS = YES;
				GCC_WARN_64_TO_32_BIT_CONVERSION = YES;
				GCC_WARN_ABOUT_RETURN_TYPE = YES_ERROR;
				GCC_WARN_UNDECLARED_SELECTOR = YES;
				GCC_WARN_UNINITIALIZED_AUTOS = YES_AGGRESSIVE;
				GCC_WARN_UNUSED_FUNCTION = YES;
				GCC_WARN_UNUSED_VARIABLE = YES;
				IPHONEOS_DEPLOYMENT_TARGET = 14.0;
				MTL_ENABLE_DEBUG_INFO = NO;
				MTL_FAST_MATH = YES;
				SDKROOT = iphoneos;
				SWIFT_COMPILATION_MODE = wholemodule;
				SWIFT_OPTIMIZATION_LEVEL = "-O";
				VALIDATE_PRODUCT = YES;
			};
			name = Release;
		};
		AB92A19F253730FA003F8823 /* Debug */ = {
			isa = XCBuildConfiguration;
			buildSettings = {
				ASSETCATALOG_COMPILER_APPICON_NAME = AppIcon;
				ASSETCATALOG_COMPILER_GLOBAL_ACCENT_COLOR_NAME = AccentColor;
				CODE_SIGN_ENTITLEMENTS = Joey/Joey.entitlements;
				CODE_SIGN_IDENTITY = "iPhone Developer";
				CODE_SIGN_STYLE = Manual;
				DEVELOPMENT_TEAM = A97SVDB2Q9;
				INFOPLIST_FILE = Joey/Info.plist;
				LD_RUNPATH_SEARCH_PATHS = (
					"$(inherited)",
					"@executable_path/Frameworks",
				);
				PRODUCT_BUNDLE_IDENTIFIER = id.appleacademy.Joey;
				PRODUCT_NAME = "$(TARGET_NAME)";
				PROVISIONING_PROFILE_SPECIFIER = Joey;
				SWIFT_VERSION = 5.0;
				TARGETED_DEVICE_FAMILY = "1,2";
			};
			name = Debug;
		};
		AB92A1A0253730FA003F8823 /* Release */ = {
			isa = XCBuildConfiguration;
			buildSettings = {
				ASSETCATALOG_COMPILER_APPICON_NAME = AppIcon;
				ASSETCATALOG_COMPILER_GLOBAL_ACCENT_COLOR_NAME = AccentColor;
				CODE_SIGN_ENTITLEMENTS = Joey/Joey.entitlements;
				CODE_SIGN_IDENTITY = "iPhone Developer";
				CODE_SIGN_STYLE = Manual;
				DEVELOPMENT_TEAM = A97SVDB2Q9;
				INFOPLIST_FILE = Joey/Info.plist;
				LD_RUNPATH_SEARCH_PATHS = (
					"$(inherited)",
					"@executable_path/Frameworks",
				);
				PRODUCT_BUNDLE_IDENTIFIER = id.appleacademy.Joey;
				PRODUCT_NAME = "$(TARGET_NAME)";
				PROVISIONING_PROFILE_SPECIFIER = Joey;
				SWIFT_VERSION = 5.0;
				TARGETED_DEVICE_FAMILY = "1,2";
			};
			name = Release;
		};
		AB92A1A2253730FA003F8823 /* Debug */ = {
			isa = XCBuildConfiguration;
			buildSettings = {
				ALWAYS_EMBED_SWIFT_STANDARD_LIBRARIES = YES;
				BUNDLE_LOADER = "$(TEST_HOST)";
				CODE_SIGN_STYLE = Automatic;
				DEVELOPMENT_TEAM = A97SVDB2Q9;
				INFOPLIST_FILE = JoeyTests/Info.plist;
				IPHONEOS_DEPLOYMENT_TARGET = 14.0;
				LD_RUNPATH_SEARCH_PATHS = (
					"$(inherited)",
					"@executable_path/Frameworks",
					"@loader_path/Frameworks",
				);
				PRODUCT_BUNDLE_IDENTIFIER = id.appleacademy.JoeyTests;
				PRODUCT_NAME = "$(TARGET_NAME)";
				SWIFT_VERSION = 5.0;
				TARGETED_DEVICE_FAMILY = "1,2";
				TEST_HOST = "$(BUILT_PRODUCTS_DIR)/Joey.app/Joey";
			};
			name = Debug;
		};
		AB92A1A3253730FA003F8823 /* Release */ = {
			isa = XCBuildConfiguration;
			buildSettings = {
				ALWAYS_EMBED_SWIFT_STANDARD_LIBRARIES = YES;
				BUNDLE_LOADER = "$(TEST_HOST)";
				CODE_SIGN_STYLE = Automatic;
				DEVELOPMENT_TEAM = A97SVDB2Q9;
				INFOPLIST_FILE = JoeyTests/Info.plist;
				IPHONEOS_DEPLOYMENT_TARGET = 14.0;
				LD_RUNPATH_SEARCH_PATHS = (
					"$(inherited)",
					"@executable_path/Frameworks",
					"@loader_path/Frameworks",
				);
				PRODUCT_BUNDLE_IDENTIFIER = id.appleacademy.JoeyTests;
				PRODUCT_NAME = "$(TARGET_NAME)";
				SWIFT_VERSION = 5.0;
				TARGETED_DEVICE_FAMILY = "1,2";
				TEST_HOST = "$(BUILT_PRODUCTS_DIR)/Joey.app/Joey";
			};
			name = Release;
		};
		AB92A1A5253730FA003F8823 /* Debug */ = {
			isa = XCBuildConfiguration;
			buildSettings = {
				ALWAYS_EMBED_SWIFT_STANDARD_LIBRARIES = YES;
				CODE_SIGN_STYLE = Automatic;
				DEVELOPMENT_TEAM = A97SVDB2Q9;
				INFOPLIST_FILE = JoeyUITests/Info.plist;
				LD_RUNPATH_SEARCH_PATHS = (
					"$(inherited)",
					"@executable_path/Frameworks",
					"@loader_path/Frameworks",
				);
				PRODUCT_BUNDLE_IDENTIFIER = id.appleacademy.JoeyUITests;
				PRODUCT_NAME = "$(TARGET_NAME)";
				SWIFT_VERSION = 5.0;
				TARGETED_DEVICE_FAMILY = "1,2";
				TEST_TARGET_NAME = Joey;
			};
			name = Debug;
		};
		AB92A1A6253730FA003F8823 /* Release */ = {
			isa = XCBuildConfiguration;
			buildSettings = {
				ALWAYS_EMBED_SWIFT_STANDARD_LIBRARIES = YES;
				CODE_SIGN_STYLE = Automatic;
				DEVELOPMENT_TEAM = A97SVDB2Q9;
				INFOPLIST_FILE = JoeyUITests/Info.plist;
				LD_RUNPATH_SEARCH_PATHS = (
					"$(inherited)",
					"@executable_path/Frameworks",
					"@loader_path/Frameworks",
				);
				PRODUCT_BUNDLE_IDENTIFIER = id.appleacademy.JoeyUITests;
				PRODUCT_NAME = "$(TARGET_NAME)";
				SWIFT_VERSION = 5.0;
				TARGETED_DEVICE_FAMILY = "1,2";
				TEST_TARGET_NAME = Joey;
			};
			name = Release;
		};
/* End XCBuildConfiguration section */

/* Begin XCConfigurationList section */
		AB92A16C253730F9003F8823 /* Build configuration list for PBXProject "Joey" */ = {
			isa = XCConfigurationList;
			buildConfigurations = (
				AB92A19C253730FA003F8823 /* Debug */,
				AB92A19D253730FA003F8823 /* Release */,
			);
			defaultConfigurationIsVisible = 0;
			defaultConfigurationName = Release;
		};
		AB92A19E253730FA003F8823 /* Build configuration list for PBXNativeTarget "Joey" */ = {
			isa = XCConfigurationList;
			buildConfigurations = (
				AB92A19F253730FA003F8823 /* Debug */,
				AB92A1A0253730FA003F8823 /* Release */,
			);
			defaultConfigurationIsVisible = 0;
			defaultConfigurationName = Release;
		};
		AB92A1A1253730FA003F8823 /* Build configuration list for PBXNativeTarget "JoeyTests" */ = {
			isa = XCConfigurationList;
			buildConfigurations = (
				AB92A1A2253730FA003F8823 /* Debug */,
				AB92A1A3253730FA003F8823 /* Release */,
			);
			defaultConfigurationIsVisible = 0;
			defaultConfigurationName = Release;
		};
		AB92A1A4253730FA003F8823 /* Build configuration list for PBXNativeTarget "JoeyUITests" */ = {
			isa = XCConfigurationList;
			buildConfigurations = (
				AB92A1A5253730FA003F8823 /* Debug */,
				AB92A1A6253730FA003F8823 /* Release */,
			);
			defaultConfigurationIsVisible = 0;
			defaultConfigurationName = Release;
		};
/* End XCConfigurationList section */

/* Begin XCRemoteSwiftPackageReference section */
		AB92A1B3253747E4003F8823 /* XCRemoteSwiftPackageReference "Charts" */ = {
			isa = XCRemoteSwiftPackageReference;
			repositoryURL = "https://github.com/danielgindi/Charts";
			requirement = {
				kind = upToNextMajorVersion;
				minimumVersion = 3.6.0;
			};
		};
		AB9857D2253CB24E00485B29 /* XCRemoteSwiftPackageReference "FittedSheets" */ = {
			isa = XCRemoteSwiftPackageReference;
			repositoryURL = "https://github.com/gordontucker/FittedSheets";
			requirement = {
				kind = upToNextMajorVersion;
				minimumVersion = 2.2.0;
			};
		};
/* End XCRemoteSwiftPackageReference section */

/* Begin XCSwiftPackageProductDependency section */
		AB92A1B4253747E4003F8823 /* Charts */ = {
			isa = XCSwiftPackageProductDependency;
			package = AB92A1B3253747E4003F8823 /* XCRemoteSwiftPackageReference "Charts" */;
			productName = Charts;
		};
		AB9857D3253CB24E00485B29 /* FittedSheets */ = {
			isa = XCSwiftPackageProductDependency;
			package = AB9857D2253CB24E00485B29 /* XCRemoteSwiftPackageReference "FittedSheets" */;
			productName = FittedSheets;
		};
/* End XCSwiftPackageProductDependency section */

/* Begin XCVersionGroup section */
		AB92A17D253730F9003F8823 /* Joey.xcdatamodeld */ = {
			isa = XCVersionGroup;
			children = (
				AB92A17E253730F9003F8823 /* Joey.xcdatamodel */,
			);
			currentVersion = AB92A17E253730F9003F8823 /* Joey.xcdatamodel */;
			path = Joey.xcdatamodeld;
			sourceTree = "<group>";
			versionGroupType = wrapper.xcdatamodel;
		};
/* End XCVersionGroup section */
	};
	rootObject = AB92A169253730F9003F8823 /* Project object */;
}
