// !$*UTF8*$!
{
	archiveVersion = 1;
	classes = {
	};
	objectVersion = 50;
	objects = {

/* Begin PBXBuildFile section */
		166C532C253732DF007C5EF3 /* Home.storyboard in Resources */ = {isa = PBXBuildFile; fileRef = 166C532B253732DF007C5EF3 /* Home.storyboard */; };
		166C5331253732E9007C5EF3 /* HomeViewController.swift in Sources */ = {isa = PBXBuildFile; fileRef = 166C5330253732E9007C5EF3 /* HomeViewController.swift */; };
		166C53362537332F007C5EF3 /* Onboarding.storyboard in Resources */ = {isa = PBXBuildFile; fileRef = 166C53352537332F007C5EF3 /* Onboarding.storyboard */; };
		166C533B25373359007C5EF3 /* OnboardingViewController.swift in Sources */ = {isa = PBXBuildFile; fileRef = 166C533A25373359007C5EF3 /* OnboardingViewController.swift */; };
		166C534025373372007C5EF3 /* DetectEmotion.storyboard in Resources */ = {isa = PBXBuildFile; fileRef = 166C533F25373372007C5EF3 /* DetectEmotion.storyboard */; };
		166C534D253733A0007C5EF3 /* DetectEmotionViewController.swift in Sources */ = {isa = PBXBuildFile; fileRef = 166C534C253733A0007C5EF3 /* DetectEmotionViewController.swift */; };
		5A176D7A25373DF70064F26D /* Activities.storyboard in Resources */ = {isa = PBXBuildFile; fileRef = 5A176D7925373DF70064F26D /* Activities.storyboard */; };
		5A176D7F25373E5D0064F26D /* ActivitiesViewController.swift in Sources */ = {isa = PBXBuildFile; fileRef = 5A176D7E25373E5D0064F26D /* ActivitiesViewController.swift */; };
		5A176D84253740620064F26D /* ActivityListInstruction.swift in Sources */ = {isa = PBXBuildFile; fileRef = 5A176D83253740620064F26D /* ActivityListInstruction.swift */; };
		AB92A175253730F9003F8823 /* AppDelegate.swift in Sources */ = {isa = PBXBuildFile; fileRef = AB92A174253730F9003F8823 /* AppDelegate.swift */; };
		AB92A177253730F9003F8823 /* SceneDelegate.swift in Sources */ = {isa = PBXBuildFile; fileRef = AB92A176253730F9003F8823 /* SceneDelegate.swift */; };
		AB92A179253730F9003F8823 /* ViewController.swift in Sources */ = {isa = PBXBuildFile; fileRef = AB92A178253730F9003F8823 /* ViewController.swift */; };
		AB92A17C253730F9003F8823 /* Main.storyboard in Resources */ = {isa = PBXBuildFile; fileRef = AB92A17A253730F9003F8823 /* Main.storyboard */; };
		AB92A17F253730F9003F8823 /* Joey.xcdatamodeld in Sources */ = {isa = PBXBuildFile; fileRef = AB92A17D253730F9003F8823 /* Joey.xcdatamodeld */; };
		AB92A181253730FA003F8823 /* Assets.xcassets in Resources */ = {isa = PBXBuildFile; fileRef = AB92A180253730FA003F8823 /* Assets.xcassets */; };
		AB92A184253730FA003F8823 /* LaunchScreen.storyboard in Resources */ = {isa = PBXBuildFile; fileRef = AB92A182253730FA003F8823 /* LaunchScreen.storyboard */; };
		AB92A18F253730FA003F8823 /* JoeyTests.swift in Sources */ = {isa = PBXBuildFile; fileRef = AB92A18E253730FA003F8823 /* JoeyTests.swift */; };
		AB92A19A253730FA003F8823 /* JoeyUITests.swift in Sources */ = {isa = PBXBuildFile; fileRef = AB92A199253730FA003F8823 /* JoeyUITests.swift */; };
/* End PBXBuildFile section */

/* Begin PBXContainerItemProxy section */
		AB92A18B253730FA003F8823 /* PBXContainerItemProxy */ = {
			isa = PBXContainerItemProxy;
			containerPortal = AB92A169253730F9003F8823 /* Project object */;
			proxyType = 1;
			remoteGlobalIDString = AB92A170253730F9003F8823;
			remoteInfo = Joey;
		};
		AB92A196253730FA003F8823 /* PBXContainerItemProxy */ = {
			isa = PBXContainerItemProxy;
			containerPortal = AB92A169253730F9003F8823 /* Project object */;
			proxyType = 1;
			remoteGlobalIDString = AB92A170253730F9003F8823;
			remoteInfo = Joey;
		};
/* End PBXContainerItemProxy section */

/* Begin PBXFileReference section */
		166C532B253732DF007C5EF3 /* Home.storyboard */ = {isa = PBXFileReference; lastKnownFileType = file.storyboard; path = Home.storyboard; sourceTree = "<group>"; };
		166C5330253732E9007C5EF3 /* HomeViewController.swift */ = {isa = PBXFileReference; lastKnownFileType = sourcecode.swift; path = HomeViewController.swift; sourceTree = "<group>"; };
		166C53352537332F007C5EF3 /* Onboarding.storyboard */ = {isa = PBXFileReference; lastKnownFileType = file.storyboard; path = Onboarding.storyboard; sourceTree = "<group>"; };
		166C533A25373359007C5EF3 /* OnboardingViewController.swift */ = {isa = PBXFileReference; lastKnownFileType = sourcecode.swift; path = OnboardingViewController.swift; sourceTree = "<group>"; };
		166C533F25373372007C5EF3 /* DetectEmotion.storyboard */ = {isa = PBXFileReference; lastKnownFileType = file.storyboard; path = DetectEmotion.storyboard; sourceTree = "<group>"; };
		166C534C253733A0007C5EF3 /* DetectEmotionViewController.swift */ = {isa = PBXFileReference; lastKnownFileType = sourcecode.swift; path = DetectEmotionViewController.swift; sourceTree = "<group>"; };
		5A176D7925373DF70064F26D /* Activities.storyboard */ = {isa = PBXFileReference; lastKnownFileType = file.storyboard; path = Activities.storyboard; sourceTree = "<group>"; };
		5A176D7E25373E5D0064F26D /* ActivitiesViewController.swift */ = {isa = PBXFileReference; lastKnownFileType = sourcecode.swift; path = ActivitiesViewController.swift; sourceTree = "<group>"; };
		5A176D83253740620064F26D /* ActivityListInstruction.swift */ = {isa = PBXFileReference; lastKnownFileType = sourcecode.swift; path = ActivityListInstruction.swift; sourceTree = "<group>"; };
		AB92A171253730F9003F8823 /* Joey.app */ = {isa = PBXFileReference; explicitFileType = wrapper.application; includeInIndex = 0; path = Joey.app; sourceTree = BUILT_PRODUCTS_DIR; };
		AB92A174253730F9003F8823 /* AppDelegate.swift */ = {isa = PBXFileReference; lastKnownFileType = sourcecode.swift; path = AppDelegate.swift; sourceTree = "<group>"; };
		AB92A176253730F9003F8823 /* SceneDelegate.swift */ = {isa = PBXFileReference; lastKnownFileType = sourcecode.swift; path = SceneDelegate.swift; sourceTree = "<group>"; };
		AB92A178253730F9003F8823 /* ViewController.swift */ = {isa = PBXFileReference; lastKnownFileType = sourcecode.swift; path = ViewController.swift; sourceTree = "<group>"; };
		AB92A17B253730F9003F8823 /* Base */ = {isa = PBXFileReference; lastKnownFileType = file.storyboard; name = Base; path = Base.lproj/Main.storyboard; sourceTree = "<group>"; };
		AB92A17E253730F9003F8823 /* Joey.xcdatamodel */ = {isa = PBXFileReference; lastKnownFileType = wrapper.xcdatamodel; path = Joey.xcdatamodel; sourceTree = "<group>"; };
		AB92A180253730FA003F8823 /* Assets.xcassets */ = {isa = PBXFileReference; lastKnownFileType = folder.assetcatalog; path = Assets.xcassets; sourceTree = "<group>"; };
		AB92A183253730FA003F8823 /* Base */ = {isa = PBXFileReference; lastKnownFileType = file.storyboard; name = Base; path = Base.lproj/LaunchScreen.storyboard; sourceTree = "<group>"; };
		AB92A185253730FA003F8823 /* Info.plist */ = {isa = PBXFileReference; lastKnownFileType = text.plist.xml; path = Info.plist; sourceTree = "<group>"; };
		AB92A18A253730FA003F8823 /* JoeyTests.xctest */ = {isa = PBXFileReference; explicitFileType = wrapper.cfbundle; includeInIndex = 0; path = JoeyTests.xctest; sourceTree = BUILT_PRODUCTS_DIR; };
		AB92A18E253730FA003F8823 /* JoeyTests.swift */ = {isa = PBXFileReference; lastKnownFileType = sourcecode.swift; path = JoeyTests.swift; sourceTree = "<group>"; };
		AB92A190253730FA003F8823 /* Info.plist */ = {isa = PBXFileReference; lastKnownFileType = text.plist.xml; path = Info.plist; sourceTree = "<group>"; };
		AB92A195253730FA003F8823 /* JoeyUITests.xctest */ = {isa = PBXFileReference; explicitFileType = wrapper.cfbundle; includeInIndex = 0; path = JoeyUITests.xctest; sourceTree = BUILT_PRODUCTS_DIR; };
		AB92A199253730FA003F8823 /* JoeyUITests.swift */ = {isa = PBXFileReference; lastKnownFileType = sourcecode.swift; path = JoeyUITests.swift; sourceTree = "<group>"; };
		AB92A19B253730FA003F8823 /* Info.plist */ = {isa = PBXFileReference; lastKnownFileType = text.plist.xml; path = Info.plist; sourceTree = "<group>"; };
/* End PBXFileReference section */

/* Begin PBXFrameworksBuildPhase section */
		AB92A16E253730F9003F8823 /* Frameworks */ = {
			isa = PBXFrameworksBuildPhase;
			buildActionMask = 2147483647;
			files = (
			);
			runOnlyForDeploymentPostprocessing = 0;
		};
		AB92A187253730FA003F8823 /* Frameworks */ = {
			isa = PBXFrameworksBuildPhase;
			buildActionMask = 2147483647;
			files = (
			);
			runOnlyForDeploymentPostprocessing = 0;
		};
		AB92A192253730FA003F8823 /* Frameworks */ = {
			isa = PBXFrameworksBuildPhase;
			buildActionMask = 2147483647;
			files = (
			);
			runOnlyForDeploymentPostprocessing = 0;
		};
/* End PBXFrameworksBuildPhase section */

/* Begin PBXGroup section */
		166C532125373272007C5EF3 /* Home */ = {
			isa = PBXGroup;
			children = (
				166C5326253732AB007C5EF3 /* Controllers */,
				166C5325253732A5007C5EF3 /* Views */,
			);
			path = Home;
			sourceTree = "<group>";
		};
		166C53222537327D007C5EF3 /* Onboarding */ = {
			isa = PBXGroup;
			children = (
				166C5328253732B3007C5EF3 /* Controllers */,
				166C5327253732B0007C5EF3 /* Views */,
			);
			path = Onboarding;
			sourceTree = "<group>";
		};
		166C532325373283007C5EF3 /* DetectEmotion */ = {
			isa = PBXGroup;
			children = (
				166C532A253732BB007C5EF3 /* Controllers */,
				166C5329253732B8007C5EF3 /* Views */,
			);
			path = DetectEmotion;
			sourceTree = "<group>";
		};
		166C5325253732A5007C5EF3 /* Views */ = {
			isa = PBXGroup;
			children = (
				166C532B253732DF007C5EF3 /* Home.storyboard */,
			);
			path = Views;
			sourceTree = "<group>";
		};
		166C5326253732AB007C5EF3 /* Controllers */ = {
			isa = PBXGroup;
			children = (
				166C5330253732E9007C5EF3 /* HomeViewController.swift */,
			);
			path = Controllers;
			sourceTree = "<group>";
		};
		166C5327253732B0007C5EF3 /* Views */ = {
			isa = PBXGroup;
			children = (
				166C53352537332F007C5EF3 /* Onboarding.storyboard */,
			);
			path = Views;
			sourceTree = "<group>";
		};
		166C5328253732B3007C5EF3 /* Controllers */ = {
			isa = PBXGroup;
			children = (
				166C533A25373359007C5EF3 /* OnboardingViewController.swift */,
			);
			path = Controllers;
			sourceTree = "<group>";
		};
		166C5329253732B8007C5EF3 /* Views */ = {
			isa = PBXGroup;
			children = (
				166C533F25373372007C5EF3 /* DetectEmotion.storyboard */,
			);
			path = Views;
			sourceTree = "<group>";
		};
		166C532A253732BB007C5EF3 /* Controllers */ = {
			isa = PBXGroup;
			children = (
				166C534C253733A0007C5EF3 /* DetectEmotionViewController.swift */,
			);
			path = Controllers;
			sourceTree = "<group>";
		};
		5A176D7525373CE00064F26D /* Activities */ = {
			isa = PBXGroup;
			children = (
				5A176D7625373CEE0064F26D /* Models */,
				5A176D7825373D1B0064F26D /* Controllers */,
				5A176D7725373D080064F26D /* Views */,
			);
			path = Activities;
			sourceTree = "<group>";
		};
		5A176D7625373CEE0064F26D /* Models */ = {
			isa = PBXGroup;
			children = (
				5A176D83253740620064F26D /* ActivityListInstruction.swift */,
			);
			path = Models;
			sourceTree = "<group>";
		};
		5A176D7725373D080064F26D /* Views */ = {
			isa = PBXGroup;
			children = (
				5A176D7925373DF70064F26D /* Activities.storyboard */,
			);
			path = Views;
			sourceTree = "<group>";
		};
		5A176D7825373D1B0064F26D /* Controllers */ = {
			isa = PBXGroup;
			children = (
				5A176D7E25373E5D0064F26D /* ActivitiesViewController.swift */,
			);
			path = Controllers;
			sourceTree = "<group>";
		};
		AB92A168253730F9003F8823 = {
			isa = PBXGroup;
			children = (
				AB92A173253730F9003F8823 /* Joey */,
				AB92A18D253730FA003F8823 /* JoeyTests */,
				AB92A198253730FA003F8823 /* JoeyUITests */,
				AB92A172253730F9003F8823 /* Products */,
			);
			sourceTree = "<group>";
		};
		AB92A172253730F9003F8823 /* Products */ = {
			isa = PBXGroup;
			children = (
				AB92A171253730F9003F8823 /* Joey.app */,
				AB92A18A253730FA003F8823 /* JoeyTests.xctest */,
				AB92A195253730FA003F8823 /* JoeyUITests.xctest */,
			);
			name = Products;
			sourceTree = "<group>";
		};
		AB92A173253730F9003F8823 /* Joey */ = {
			isa = PBXGroup;
			children = (
				5A176D7525373CE00064F26D /* Activities */,
				166C532325373283007C5EF3 /* DetectEmotion */,
				166C53222537327D007C5EF3 /* Onboarding */,
				166C532125373272007C5EF3 /* Home */,
				AB92A174253730F9003F8823 /* AppDelegate.swift */,
				AB92A176253730F9003F8823 /* SceneDelegate.swift */,
				AB92A178253730F9003F8823 /* ViewController.swift */,
				AB92A17A253730F9003F8823 /* Main.storyboard */,
				AB92A180253730FA003F8823 /* Assets.xcassets */,
				AB92A182253730FA003F8823 /* LaunchScreen.storyboard */,
				AB92A185253730FA003F8823 /* Info.plist */,
				AB92A17D253730F9003F8823 /* Joey.xcdatamodeld */,
			);
			path = Joey;
			sourceTree = "<group>";
		};
		AB92A18D253730FA003F8823 /* JoeyTests */ = {
			isa = PBXGroup;
			children = (
				AB92A18E253730FA003F8823 /* JoeyTests.swift */,
				AB92A190253730FA003F8823 /* Info.plist */,
			);
			path = JoeyTests;
			sourceTree = "<group>";
		};
		AB92A198253730FA003F8823 /* JoeyUITests */ = {
			isa = PBXGroup;
			children = (
				AB92A199253730FA003F8823 /* JoeyUITests.swift */,
				AB92A19B253730FA003F8823 /* Info.plist */,
			);
			path = JoeyUITests;
			sourceTree = "<group>";
		};
/* End PBXGroup section */

/* Begin PBXNativeTarget section */
		AB92A170253730F9003F8823 /* Joey */ = {
			isa = PBXNativeTarget;
			buildConfigurationList = AB92A19E253730FA003F8823 /* Build configuration list for PBXNativeTarget "Joey" */;
			buildPhases = (
				AB92A16D253730F9003F8823 /* Sources */,
				AB92A16E253730F9003F8823 /* Frameworks */,
				AB92A16F253730F9003F8823 /* Resources */,
			);
			buildRules = (
			);
			dependencies = (
			);
			name = Joey;
			productName = Joey;
			productReference = AB92A171253730F9003F8823 /* Joey.app */;
			productType = "com.apple.product-type.application";
		};
		AB92A189253730FA003F8823 /* JoeyTests */ = {
			isa = PBXNativeTarget;
			buildConfigurationList = AB92A1A1253730FA003F8823 /* Build configuration list for PBXNativeTarget "JoeyTests" */;
			buildPhases = (
				AB92A186253730FA003F8823 /* Sources */,
				AB92A187253730FA003F8823 /* Frameworks */,
				AB92A188253730FA003F8823 /* Resources */,
			);
			buildRules = (
			);
			dependencies = (
				AB92A18C253730FA003F8823 /* PBXTargetDependency */,
			);
			name = JoeyTests;
			productName = JoeyTests;
			productReference = AB92A18A253730FA003F8823 /* JoeyTests.xctest */;
			productType = "com.apple.product-type.bundle.unit-test";
		};
		AB92A194253730FA003F8823 /* JoeyUITests */ = {
			isa = PBXNativeTarget;
			buildConfigurationList = AB92A1A4253730FA003F8823 /* Build configuration list for PBXNativeTarget "JoeyUITests" */;
			buildPhases = (
				AB92A191253730FA003F8823 /* Sources */,
				AB92A192253730FA003F8823 /* Frameworks */,
				AB92A193253730FA003F8823 /* Resources */,
			);
			buildRules = (
			);
			dependencies = (
				AB92A197253730FA003F8823 /* PBXTargetDependency */,
			);
			name = JoeyUITests;
			productName = JoeyUITests;
			productReference = AB92A195253730FA003F8823 /* JoeyUITests.xctest */;
			productType = "com.apple.product-type.bundle.ui-testing";
		};
/* End PBXNativeTarget section */

/* Begin PBXProject section */
		AB92A169253730F9003F8823 /* Project object */ = {
			isa = PBXProject;
			attributes = {
				LastSwiftUpdateCheck = 1200;
				LastUpgradeCheck = 1200;
				TargetAttributes = {
					AB92A170253730F9003F8823 = {
						CreatedOnToolsVersion = 12.0.1;
					};
					AB92A189253730FA003F8823 = {
						CreatedOnToolsVersion = 12.0.1;
						TestTargetID = AB92A170253730F9003F8823;
					};
					AB92A194253730FA003F8823 = {
						CreatedOnToolsVersion = 12.0.1;
						TestTargetID = AB92A170253730F9003F8823;
					};
				};
			};
			buildConfigurationList = AB92A16C253730F9003F8823 /* Build configuration list for PBXProject "Joey" */;
			compatibilityVersion = "Xcode 9.3";
			developmentRegion = en;
			hasScannedForEncodings = 0;
			knownRegions = (
				en,
				Base,
			);
			mainGroup = AB92A168253730F9003F8823;
			productRefGroup = AB92A172253730F9003F8823 /* Products */;
			projectDirPath = "";
			projectRoot = "";
			targets = (
				AB92A170253730F9003F8823 /* Joey */,
				AB92A189253730FA003F8823 /* JoeyTests */,
				AB92A194253730FA003F8823 /* JoeyUITests */,
			);
		};
/* End PBXProject section */

/* Begin PBXResourcesBuildPhase section */
		AB92A16F253730F9003F8823 /* Resources */ = {
			isa = PBXResourcesBuildPhase;
			buildActionMask = 2147483647;
			files = (
				AB92A184253730FA003F8823 /* LaunchScreen.storyboard in Resources */,
				166C53362537332F007C5EF3 /* Onboarding.storyboard in Resources */,
				AB92A181253730FA003F8823 /* Assets.xcassets in Resources */,
				166C534025373372007C5EF3 /* DetectEmotion.storyboard in Resources */,
				AB92A17C253730F9003F8823 /* Main.storyboard in Resources */,
				166C532C253732DF007C5EF3 /* Home.storyboard in Resources */,
				5A176D7A25373DF70064F26D /* Activities.storyboard in Resources */,
			);
			runOnlyForDeploymentPostprocessing = 0;
		};
		AB92A188253730FA003F8823 /* Resources */ = {
			isa = PBXResourcesBuildPhase;
			buildActionMask = 2147483647;
			files = (
			);
			runOnlyForDeploymentPostprocessing = 0;
		};
		AB92A193253730FA003F8823 /* Resources */ = {
			isa = PBXResourcesBuildPhase;
			buildActionMask = 2147483647;
			files = (
			);
			runOnlyForDeploymentPostprocessing = 0;
		};
/* End PBXResourcesBuildPhase section */

/* Begin PBXSourcesBuildPhase section */
		AB92A16D253730F9003F8823 /* Sources */ = {
			isa = PBXSourcesBuildPhase;
			buildActionMask = 2147483647;
			files = (
				166C5331253732E9007C5EF3 /* HomeViewController.swift in Sources */,
				166C533B25373359007C5EF3 /* OnboardingViewController.swift in Sources */,
				AB92A17F253730F9003F8823 /* Joey.xcdatamodeld in Sources */,
				AB92A179253730F9003F8823 /* ViewController.swift in Sources */,
				AB92A175253730F9003F8823 /* AppDelegate.swift in Sources */,
				5A176D84253740620064F26D /* ActivityListInstruction.swift in Sources */,
				5A176D7F25373E5D0064F26D /* ActivitiesViewController.swift in Sources */,
				166C534D253733A0007C5EF3 /* DetectEmotionViewController.swift in Sources */,
				AB92A177253730F9003F8823 /* SceneDelegate.swift in Sources */,
			);
			runOnlyForDeploymentPostprocessing = 0;
		};
		AB92A186253730FA003F8823 /* Sources */ = {
			isa = PBXSourcesBuildPhase;
			buildActionMask = 2147483647;
			files = (
				AB92A18F253730FA003F8823 /* JoeyTests.swift in Sources */,
			);
			runOnlyForDeploymentPostprocessing = 0;
		};
		AB92A191253730FA003F8823 /* Sources */ = {
			isa = PBXSourcesBuildPhase;
			buildActionMask = 2147483647;
			files = (
				AB92A19A253730FA003F8823 /* JoeyUITests.swift in Sources */,
			);
			runOnlyForDeploymentPostprocessing = 0;
		};
/* End PBXSourcesBuildPhase section */

/* Begin PBXTargetDependency section */
		AB92A18C253730FA003F8823 /* PBXTargetDependency */ = {
			isa = PBXTargetDependency;
			target = AB92A170253730F9003F8823 /* Joey */;
			targetProxy = AB92A18B253730FA003F8823 /* PBXContainerItemProxy */;
		};
		AB92A197253730FA003F8823 /* PBXTargetDependency */ = {
			isa = PBXTargetDependency;
			target = AB92A170253730F9003F8823 /* Joey */;
			targetProxy = AB92A196253730FA003F8823 /* PBXContainerItemProxy */;
		};
/* End PBXTargetDependency section */

/* Begin PBXVariantGroup section */
		AB92A17A253730F9003F8823 /* Main.storyboard */ = {
			isa = PBXVariantGroup;
			children = (
				AB92A17B253730F9003F8823 /* Base */,
			);
			name = Main.storyboard;
			sourceTree = "<group>";
		};
		AB92A182253730FA003F8823 /* LaunchScreen.storyboard */ = {
			isa = PBXVariantGroup;
			children = (
				AB92A183253730FA003F8823 /* Base */,
			);
			name = LaunchScreen.storyboard;
			sourceTree = "<group>";
		};
/* End PBXVariantGroup section */

/* Begin XCBuildConfiguration section */
		AB92A19C253730FA003F8823 /* Debug */ = {
			isa = XCBuildConfiguration;
			buildSettings = {
				ALWAYS_SEARCH_USER_PATHS = NO;
				CLANG_ANALYZER_NONNULL = YES;
				CLANG_ANALYZER_NUMBER_OBJECT_CONVERSION = YES_AGGRESSIVE;
				CLANG_CXX_LANGUAGE_STANDARD = "gnu++14";
				CLANG_CXX_LIBRARY = "libc++";
				CLANG_ENABLE_MODULES = YES;
				CLANG_ENABLE_OBJC_ARC = YES;
				CLANG_ENABLE_OBJC_WEAK = YES;
				CLANG_WARN_BLOCK_CAPTURE_AUTORELEASING = YES;
				CLANG_WARN_BOOL_CONVERSION = YES;
				CLANG_WARN_COMMA = YES;
				CLANG_WARN_CONSTANT_CONVERSION = YES;
				CLANG_WARN_DEPRECATED_OBJC_IMPLEMENTATIONS = YES;
				CLANG_WARN_DIRECT_OBJC_ISA_USAGE = YES_ERROR;
				CLANG_WARN_DOCUMENTATION_COMMENTS = YES;
				CLANG_WARN_EMPTY_BODY = YES;
				CLANG_WARN_ENUM_CONVERSION = YES;
				CLANG_WARN_INFINITE_RECURSION = YES;
				CLANG_WARN_INT_CONVERSION = YES;
				CLANG_WARN_NON_LITERAL_NULL_CONVERSION = YES;
				CLANG_WARN_OBJC_IMPLICIT_RETAIN_SELF = YES;
				CLANG_WARN_OBJC_LITERAL_CONVERSION = YES;
				CLANG_WARN_OBJC_ROOT_CLASS = YES_ERROR;
				CLANG_WARN_QUOTED_INCLUDE_IN_FRAMEWORK_HEADER = YES;
				CLANG_WARN_RANGE_LOOP_ANALYSIS = YES;
				CLANG_WARN_STRICT_PROTOTYPES = YES;
				CLANG_WARN_SUSPICIOUS_MOVE = YES;
				CLANG_WARN_UNGUARDED_AVAILABILITY = YES_AGGRESSIVE;
				CLANG_WARN_UNREACHABLE_CODE = YES;
				CLANG_WARN__DUPLICATE_METHOD_MATCH = YES;
				COPY_PHASE_STRIP = NO;
				DEBUG_INFORMATION_FORMAT = dwarf;
				ENABLE_STRICT_OBJC_MSGSEND = YES;
				ENABLE_TESTABILITY = YES;
				GCC_C_LANGUAGE_STANDARD = gnu11;
				GCC_DYNAMIC_NO_PIC = NO;
				GCC_NO_COMMON_BLOCKS = YES;
				GCC_OPTIMIZATION_LEVEL = 0;
				GCC_PREPROCESSOR_DEFINITIONS = (
					"DEBUG=1",
					"$(inherited)",
				);
				GCC_WARN_64_TO_32_BIT_CONVERSION = YES;
				GCC_WARN_ABOUT_RETURN_TYPE = YES_ERROR;
				GCC_WARN_UNDECLARED_SELECTOR = YES;
				GCC_WARN_UNINITIALIZED_AUTOS = YES_AGGRESSIVE;
				GCC_WARN_UNUSED_FUNCTION = YES;
				GCC_WARN_UNUSED_VARIABLE = YES;
				IPHONEOS_DEPLOYMENT_TARGET = 14.0;
				MTL_ENABLE_DEBUG_INFO = INCLUDE_SOURCE;
				MTL_FAST_MATH = YES;
				ONLY_ACTIVE_ARCH = YES;
				SDKROOT = iphoneos;
				SWIFT_ACTIVE_COMPILATION_CONDITIONS = DEBUG;
				SWIFT_OPTIMIZATION_LEVEL = "-Onone";
			};
			name = Debug;
		};
		AB92A19D253730FA003F8823 /* Release */ = {
			isa = XCBuildConfiguration;
			buildSettings = {
				ALWAYS_SEARCH_USER_PATHS = NO;
				CLANG_ANALYZER_NONNULL = YES;
				CLANG_ANALYZER_NUMBER_OBJECT_CONVERSION = YES_AGGRESSIVE;
				CLANG_CXX_LANGUAGE_STANDARD = "gnu++14";
				CLANG_CXX_LIBRARY = "libc++";
				CLANG_ENABLE_MODULES = YES;
				CLANG_ENABLE_OBJC_ARC = YES;
				CLANG_ENABLE_OBJC_WEAK = YES;
				CLANG_WARN_BLOCK_CAPTURE_AUTORELEASING = YES;
				CLANG_WARN_BOOL_CONVERSION = YES;
				CLANG_WARN_COMMA = YES;
				CLANG_WARN_CONSTANT_CONVERSION = YES;
				CLANG_WARN_DEPRECATED_OBJC_IMPLEMENTATIONS = YES;
				CLANG_WARN_DIRECT_OBJC_ISA_USAGE = YES_ERROR;
				CLANG_WARN_DOCUMENTATION_COMMENTS = YES;
				CLANG_WARN_EMPTY_BODY = YES;
				CLANG_WARN_ENUM_CONVERSION = YES;
				CLANG_WARN_INFINITE_RECURSION = YES;
				CLANG_WARN_INT_CONVERSION = YES;
				CLANG_WARN_NON_LITERAL_NULL_CONVERSION = YES;
				CLANG_WARN_OBJC_IMPLICIT_RETAIN_SELF = YES;
				CLANG_WARN_OBJC_LITERAL_CONVERSION = YES;
				CLANG_WARN_OBJC_ROOT_CLASS = YES_ERROR;
				CLANG_WARN_QUOTED_INCLUDE_IN_FRAMEWORK_HEADER = YES;
				CLANG_WARN_RANGE_LOOP_ANALYSIS = YES;
				CLANG_WARN_STRICT_PROTOTYPES = YES;
				CLANG_WARN_SUSPICIOUS_MOVE = YES;
				CLANG_WARN_UNGUARDED_AVAILABILITY = YES_AGGRESSIVE;
				CLANG_WARN_UNREACHABLE_CODE = YES;
				CLANG_WARN__DUPLICATE_METHOD_MATCH = YES;
				COPY_PHASE_STRIP = NO;
				DEBUG_INFORMATION_FORMAT = "dwarf-with-dsym";
				ENABLE_NS_ASSERTIONS = NO;
				ENABLE_STRICT_OBJC_MSGSEND = YES;
				GCC_C_LANGUAGE_STANDARD = gnu11;
				GCC_NO_COMMON_BLOCKS = YES;
				GCC_WARN_64_TO_32_BIT_CONVERSION = YES;
				GCC_WARN_ABOUT_RETURN_TYPE = YES_ERROR;
				GCC_WARN_UNDECLARED_SELECTOR = YES;
				GCC_WARN_UNINITIALIZED_AUTOS = YES_AGGRESSIVE;
				GCC_WARN_UNUSED_FUNCTION = YES;
				GCC_WARN_UNUSED_VARIABLE = YES;
				IPHONEOS_DEPLOYMENT_TARGET = 14.0;
				MTL_ENABLE_DEBUG_INFO = NO;
				MTL_FAST_MATH = YES;
				SDKROOT = iphoneos;
				SWIFT_COMPILATION_MODE = wholemodule;
				SWIFT_OPTIMIZATION_LEVEL = "-O";
				VALIDATE_PRODUCT = YES;
			};
			name = Release;
		};
		AB92A19F253730FA003F8823 /* Debug */ = {
			isa = XCBuildConfiguration;
			buildSettings = {
				ASSETCATALOG_COMPILER_APPICON_NAME = AppIcon;
				ASSETCATALOG_COMPILER_GLOBAL_ACCENT_COLOR_NAME = AccentColor;
				CODE_SIGN_STYLE = Automatic;
				DEVELOPMENT_TEAM = A97SVDB2Q9;
				INFOPLIST_FILE = Joey/Info.plist;
				LD_RUNPATH_SEARCH_PATHS = (
					"$(inherited)",
					"@executable_path/Frameworks",
				);
				PRODUCT_BUNDLE_IDENTIFIER = id.appleacademy.Joey;
				PRODUCT_NAME = "$(TARGET_NAME)";
				SWIFT_VERSION = 5.0;
				TARGETED_DEVICE_FAMILY = "1,2";
			};
			name = Debug;
		};
		AB92A1A0253730FA003F8823 /* Release */ = {
			isa = XCBuildConfiguration;
			buildSettings = {
				ASSETCATALOG_COMPILER_APPICON_NAME = AppIcon;
				ASSETCATALOG_COMPILER_GLOBAL_ACCENT_COLOR_NAME = AccentColor;
				CODE_SIGN_STYLE = Automatic;
				DEVELOPMENT_TEAM = A97SVDB2Q9;
				INFOPLIST_FILE = Joey/Info.plist;
				LD_RUNPATH_SEARCH_PATHS = (
					"$(inherited)",
					"@executable_path/Frameworks",
				);
				PRODUCT_BUNDLE_IDENTIFIER = id.appleacademy.Joey;
				PRODUCT_NAME = "$(TARGET_NAME)";
				SWIFT_VERSION = 5.0;
				TARGETED_DEVICE_FAMILY = "1,2";
			};
			name = Release;
		};
		AB92A1A2253730FA003F8823 /* Debug */ = {
			isa = XCBuildConfiguration;
			buildSettings = {
				ALWAYS_EMBED_SWIFT_STANDARD_LIBRARIES = YES;
				BUNDLE_LOADER = "$(TEST_HOST)";
				CODE_SIGN_STYLE = Automatic;
				DEVELOPMENT_TEAM = A97SVDB2Q9;
				INFOPLIST_FILE = JoeyTests/Info.plist;
				IPHONEOS_DEPLOYMENT_TARGET = 14.0;
				LD_RUNPATH_SEARCH_PATHS = (
					"$(inherited)",
					"@executable_path/Frameworks",
					"@loader_path/Frameworks",
				);
				PRODUCT_BUNDLE_IDENTIFIER = id.appleacademy.JoeyTests;
				PRODUCT_NAME = "$(TARGET_NAME)";
				SWIFT_VERSION = 5.0;
				TARGETED_DEVICE_FAMILY = "1,2";
				TEST_HOST = "$(BUILT_PRODUCTS_DIR)/Joey.app/Joey";
			};
			name = Debug;
		};
		AB92A1A3253730FA003F8823 /* Release */ = {
			isa = XCBuildConfiguration;
			buildSettings = {
				ALWAYS_EMBED_SWIFT_STANDARD_LIBRARIES = YES;
				BUNDLE_LOADER = "$(TEST_HOST)";
				CODE_SIGN_STYLE = Automatic;
				DEVELOPMENT_TEAM = A97SVDB2Q9;
				INFOPLIST_FILE = JoeyTests/Info.plist;
				IPHONEOS_DEPLOYMENT_TARGET = 14.0;
				LD_RUNPATH_SEARCH_PATHS = (
					"$(inherited)",
					"@executable_path/Frameworks",
					"@loader_path/Frameworks",
				);
				PRODUCT_BUNDLE_IDENTIFIER = id.appleacademy.JoeyTests;
				PRODUCT_NAME = "$(TARGET_NAME)";
				SWIFT_VERSION = 5.0;
				TARGETED_DEVICE_FAMILY = "1,2";
				TEST_HOST = "$(BUILT_PRODUCTS_DIR)/Joey.app/Joey";
			};
			name = Release;
		};
		AB92A1A5253730FA003F8823 /* Debug */ = {
			isa = XCBuildConfiguration;
			buildSettings = {
				ALWAYS_EMBED_SWIFT_STANDARD_LIBRARIES = YES;
				CODE_SIGN_STYLE = Automatic;
				DEVELOPMENT_TEAM = A97SVDB2Q9;
				INFOPLIST_FILE = JoeyUITests/Info.plist;
				LD_RUNPATH_SEARCH_PATHS = (
					"$(inherited)",
					"@executable_path/Frameworks",
					"@loader_path/Frameworks",
				);
				PRODUCT_BUNDLE_IDENTIFIER = id.appleacademy.JoeyUITests;
				PRODUCT_NAME = "$(TARGET_NAME)";
				SWIFT_VERSION = 5.0;
				TARGETED_DEVICE_FAMILY = "1,2";
				TEST_TARGET_NAME = Joey;
			};
			name = Debug;
		};
		AB92A1A6253730FA003F8823 /* Release */ = {
			isa = XCBuildConfiguration;
			buildSettings = {
				ALWAYS_EMBED_SWIFT_STANDARD_LIBRARIES = YES;
				CODE_SIGN_STYLE = Automatic;
				DEVELOPMENT_TEAM = A97SVDB2Q9;
				INFOPLIST_FILE = JoeyUITests/Info.plist;
				LD_RUNPATH_SEARCH_PATHS = (
					"$(inherited)",
					"@executable_path/Frameworks",
					"@loader_path/Frameworks",
				);
				PRODUCT_BUNDLE_IDENTIFIER = id.appleacademy.JoeyUITests;
				PRODUCT_NAME = "$(TARGET_NAME)";
				SWIFT_VERSION = 5.0;
				TARGETED_DEVICE_FAMILY = "1,2";
				TEST_TARGET_NAME = Joey;
			};
			name = Release;
		};
/* End XCBuildConfiguration section */

/* Begin XCConfigurationList section */
		AB92A16C253730F9003F8823 /* Build configuration list for PBXProject "Joey" */ = {
			isa = XCConfigurationList;
			buildConfigurations = (
				AB92A19C253730FA003F8823 /* Debug */,
				AB92A19D253730FA003F8823 /* Release */,
			);
			defaultConfigurationIsVisible = 0;
			defaultConfigurationName = Release;
		};
		AB92A19E253730FA003F8823 /* Build configuration list for PBXNativeTarget "Joey" */ = {
			isa = XCConfigurationList;
			buildConfigurations = (
				AB92A19F253730FA003F8823 /* Debug */,
				AB92A1A0253730FA003F8823 /* Release */,
			);
			defaultConfigurationIsVisible = 0;
			defaultConfigurationName = Release;
		};
		AB92A1A1253730FA003F8823 /* Build configuration list for PBXNativeTarget "JoeyTests" */ = {
			isa = XCConfigurationList;
			buildConfigurations = (
				AB92A1A2253730FA003F8823 /* Debug */,
				AB92A1A3253730FA003F8823 /* Release */,
			);
			defaultConfigurationIsVisible = 0;
			defaultConfigurationName = Release;
		};
		AB92A1A4253730FA003F8823 /* Build configuration list for PBXNativeTarget "JoeyUITests" */ = {
			isa = XCConfigurationList;
			buildConfigurations = (
				AB92A1A5253730FA003F8823 /* Debug */,
				AB92A1A6253730FA003F8823 /* Release */,
			);
			defaultConfigurationIsVisible = 0;
			defaultConfigurationName = Release;
		};
/* End XCConfigurationList section */

/* Begin XCVersionGroup section */
		AB92A17D253730F9003F8823 /* Joey.xcdatamodeld */ = {
			isa = XCVersionGroup;
			children = (
				AB92A17E253730F9003F8823 /* Joey.xcdatamodel */,
			);
			currentVersion = AB92A17E253730F9003F8823 /* Joey.xcdatamodel */;
			path = Joey.xcdatamodeld;
			sourceTree = "<group>";
			versionGroupType = wrapper.xcdatamodel;
		};
/* End XCVersionGroup section */
	};
	rootObject = AB92A169253730F9003F8823 /* Project object */;
}
